{
  "object": {
    "pins": [
      {
        "package": "SinglePageOnboarding",
        "repositoryURL": "https://github.com/yosshi4486/SinglePageOnboarding",
        "state": {
          "branch": null,
          "revision": "bf07831e1451c86fbdc46cd9b90bf882646804fa",
          "version": "1.0.8"
        }
      }
    ]
  },
  "version": 1
}
